
Microsoft Visual Studio Solution File, Format Version 12.00
Project("{FAE04EC0-301F-11D3-BF4B-00C04F79EFBC}") = "Xein.Discord.ChatGPT", "Xein.Discord.ChatGPT.csproj", "{123E51F6-7149-4295-ACEC-41E1C4305C41}"
EndProject
Global
	GlobalSection(SolutionConfigurationPlatforms) = preSolution
		Debug|Any CPU = Debug|Any CPU
		Release|Any CPU = Release|Any CPU
	EndGlobalSection
	GlobalSection(ProjectConfigurationPlatforms) = postSolution
		{123E51F6-7149-4295-ACEC-41E1C4305C41}.Debug|Any CPU.ActiveCfg = Debug|Any CPU
		{123E51F6-7149-4295-ACEC-41E1C4305C41}.Debug|Any CPU.Build.0 = Debug|Any CPU
		{123E51F6-7149-4295-ACEC-41E1C4305C41}.Release|Any CPU.ActiveCfg = Release|Any CPU
		{123E51F6-7149-4295-ACEC-41E1C4305C41}.Release|Any CPU.Build.0 = Release|Any CPU
	EndGlobalSection
EndGlobal
